<!doctype html>
<html lang="en">
  <head>
    <meta charset="UTF-8" />
    <meta name="viewport" content="width=device-width, initial-scale=1.0" />
    <meta name="keywords" content="子瓏, Zi Long, 傾聽我 接住我, 心理主權, 認知主權, 深度察覺, 作家子瓏, 認知脫鉤, 暗示過濾, 理性接住, 生存效率" />
    <meta name="description" content="人性觀察者與心理敘事創作者。提供認知脫鉤、暗示過濾、理性接住與生存效率優化等核心價值，幫助讀者在別人的劇本之外，找回自己的選擇。" />
    <title>子瓏 Zi Long | 理性的邊界建構者</title>
  </head>
  <body>
    <div id="root"></div>
    <script type="module" src="/src/main.tsx"></script>
  </body>
</html>

